
Microsoft Visual Studio Solution File, Format Version 12.00
# Visual Studio Version 16
VisualStudioVersion = 16.0.35425.106
MinimumVisualStudioVersion = 10.0.40219.1
Project("{FAE04EC0-301F-11D3-BF4B-00C04F79EFBC}") = "MaterialHandling", "MaterialHandling\MaterialHandling.csproj", "{5EEEC91D-A6C5-413C-A767-88C8365BC415}"
EndProject
Project("{9A19103F-16F7-4668-BE54-9A1E7A4F7556}") = "S7.Net", "S7.Net\S7.Net.csproj", "{C34B67E6-51DF-4643-B297-5E04B41F20C6}"
EndProject
Project("{9A19103F-16F7-4668-BE54-9A1E7A4F7556}") = "S7.Net.UnitTest", "S7.Net.UnitTest\S7.Net.UnitTest.csproj", "{4F534434-CC67-4E95-81F5-B7ACF27038E0}"
EndProject
Global
	GlobalSection(SolutionConfigurationPlatforms) = preSolution
		Debug|Any CPU = Debug|Any CPU
		Release|Any CPU = Release|Any CPU
	EndGlobalSection
	GlobalSection(ProjectConfigurationPlatforms) = postSolution
		{5EEEC91D-A6C5-413C-A767-88C8365BC415}.Debug|Any CPU.ActiveCfg = Debug|Any CPU
		{5EEEC91D-A6C5-413C-A767-88C8365BC415}.Debug|Any CPU.Build.0 = Debug|Any CPU
		{5EEEC91D-A6C5-413C-A767-88C8365BC415}.Release|Any CPU.ActiveCfg = Release|Any CPU
		{5EEEC91D-A6C5-413C-A767-88C8365BC415}.Release|Any CPU.Build.0 = Release|Any CPU
		{C34B67E6-51DF-4643-B297-5E04B41F20C6}.Debug|Any CPU.ActiveCfg = Debug|Any CPU
		{C34B67E6-51DF-4643-B297-5E04B41F20C6}.Debug|Any CPU.Build.0 = Debug|Any CPU
		{C34B67E6-51DF-4643-B297-5E04B41F20C6}.Release|Any CPU.ActiveCfg = Release|Any CPU
		{C34B67E6-51DF-4643-B297-5E04B41F20C6}.Release|Any CPU.Build.0 = Release|Any CPU
		{4F534434-CC67-4E95-81F5-B7ACF27038E0}.Debug|Any CPU.ActiveCfg = Debug|Any CPU
		{4F534434-CC67-4E95-81F5-B7ACF27038E0}.Debug|Any CPU.Build.0 = Debug|Any CPU
		{4F534434-CC67-4E95-81F5-B7ACF27038E0}.Release|Any CPU.ActiveCfg = Release|Any CPU
		{4F534434-CC67-4E95-81F5-B7ACF27038E0}.Release|Any CPU.Build.0 = Release|Any CPU
	EndGlobalSection
	GlobalSection(SolutionProperties) = preSolution
		HideSolutionNode = FALSE
	EndGlobalSection
	GlobalSection(ExtensibilityGlobals) = postSolution
		SolutionGuid = {AE9BCF76-B514-414D-AE87-BD522C5FA3B0}
	EndGlobalSection
EndGlobal
